
Microsoft Visual Studio Solution File, Format Version 12.00
# Visual Studio Version 17
VisualStudioVersion = 17.7.34031.279
MinimumVisualStudioVersion = 10.0.40219.1
Project("{9A19103F-16F7-4668-BE54-9A1E7A4F7556}") = "RandomQuotes.Tests", "RandomQuotes.Tests\RandomQuotes.Tests.csproj", "{1E0F0919-3F53-4790-BAD0-3DDBF17692AD}"
EndProject
Project("{9A19103F-16F7-4668-BE54-9A1E7A4F7556}") = "RandomQuotes.Web", "RandomQuotes.Web\RandomQuotes.Web.csproj", "{C097E6F5-96D3-46A4-92B8-D63CE87FC8C0}"
EndProject
Global
	GlobalSection(SolutionConfigurationPlatforms) = preSolution
		Debug|Any CPU = Debug|Any CPU
		Release|Any CPU = Release|Any CPU
	EndGlobalSection
	GlobalSection(ProjectConfigurationPlatforms) = postSolution
		{1E0F0919-3F53-4790-BAD0-3DDBF17692AD}.Debug|Any CPU.ActiveCfg = Debug|Any CPU
		{1E0F0919-3F53-4790-BAD0-3DDBF17692AD}.Debug|Any CPU.Build.0 = Debug|Any CPU
		{1E0F0919-3F53-4790-BAD0-3DDBF17692AD}.Release|Any CPU.ActiveCfg = Release|Any CPU
		{1E0F0919-3F53-4790-BAD0-3DDBF17692AD}.Release|Any CPU.Build.0 = Release|Any CPU
		{C097E6F5-96D3-46A4-92B8-D63CE87FC8C0}.Debug|Any CPU.ActiveCfg = Debug|Any CPU
		{C097E6F5-96D3-46A4-92B8-D63CE87FC8C0}.Debug|Any CPU.Build.0 = Debug|Any CPU
		{C097E6F5-96D3-46A4-92B8-D63CE87FC8C0}.Release|Any CPU.ActiveCfg = Release|Any CPU
		{C097E6F5-96D3-46A4-92B8-D63CE87FC8C0}.Release|Any CPU.Build.0 = Release|Any CPU
	EndGlobalSection
	GlobalSection(SolutionProperties) = preSolution
		HideSolutionNode = FALSE
	EndGlobalSection
	GlobalSection(ExtensibilityGlobals) = postSolution
		SolutionGuid = {A67CC575-D61E-49A8-8E7A-D53BE4725C66}
	EndGlobalSection
EndGlobal
